Microsoft Visual Studio Solution File, Format Version 12.00
# Visual Studio Version 17
VisualStudioVersion = 17.5.2.0
MinimumVisualStudioVersion = 10.0.40219.1
Project("{FAE04EC0-301F-11D3-BF4B-00C04F79EFBC}") = "CopilotExtensionVSCode", "CopilotExtensionVSCode.csproj", "{50E8CEEC-A800-93A0-D736-948A66B870E6}"
EndProject
Global
	GlobalSection(SolutionConfigurationPlatforms) = preSolution
		Debug|Any CPU = Debug|Any CPU
		Release|Any CPU = Release|Any CPU
	EndGlobalSection
	GlobalSection(ProjectConfigurationPlatforms) = postSolution
		{50E8CEEC-A800-93A0-D736-948A66B870E6}.Debug|Any CPU.ActiveCfg = Debug|Any CPU
		{50E8CEEC-A800-93A0-D736-948A66B870E6}.Debug|Any CPU.Build.0 = Debug|Any CPU
		{50E8CEEC-A800-93A0-D736-948A66B870E6}.Release|Any CPU.ActiveCfg = Release|Any CPU
		{50E8CEEC-A800-93A0-D736-948A66B870E6}.Release|Any CPU.Build.0 = Release|Any CPU
	EndGlobalSection
	GlobalSection(SolutionProperties) = preSolution
		HideSolutionNode = FALSE
	EndGlobalSection
	GlobalSection(ExtensibilityGlobals) = postSolution
		SolutionGuid = {11A91417-E5B3-47E2-A298-DA2BCB778B8B}
	EndGlobalSection
EndGlobal
